
Microsoft Visual Studio Solution File, Format Version 12.00
# Visual Studio Version 17
VisualStudioVersion = 17.11.35312.102
MinimumVisualStudioVersion = 10.0.40219.1
Project("{888888A0-9F3D-457C-B088-3A5042F75D52}") = "Validacion Python", "Validacion Python\Validacion Python.pyproj", "{3EDA8990-5B98-4D34-BE94-F850CDE70320}"
EndProject
Global
	GlobalSection(SolutionConfigurationPlatforms) = preSolution
		Debug|Any CPU = Debug|Any CPU
		Release|Any CPU = Release|Any CPU
	EndGlobalSection
	GlobalSection(ProjectConfigurationPlatforms) = postSolution
		{3EDA8990-5B98-4D34-BE94-F850CDE70320}.Debug|Any CPU.ActiveCfg = Debug|Any CPU
		{3EDA8990-5B98-4D34-BE94-F850CDE70320}.Release|Any CPU.ActiveCfg = Release|Any CPU
	EndGlobalSection
	GlobalSection(SolutionProperties) = preSolution
		HideSolutionNode = FALSE
	EndGlobalSection
	GlobalSection(ExtensibilityGlobals) = postSolution
		SolutionGuid = {715C973E-DFA4-4ADD-95BB-8D3F0D8CFA1B}
	EndGlobalSection
EndGlobal
